
Microsoft Visual Studio Solution File, Format Version 12.00
# Visual Studio Version 16
VisualStudioVersion = 16.0.29123.88
MinimumVisualStudioVersion = 10.0.40219.1
Project("{FAE04EC0-301F-11D3-BF4B-00C04F79EFBC}") = "Hello", "Hello.csproj", "{F9185E1A-5871-401C-A2A3-141F5B77B6D7}"
EndProject
Global
	GlobalSection(SolutionConfigurationPlatforms) = preSolution
		Debug|Any CPU = Debug|Any CPU
		Release|Any CPU = Release|Any CPU
	EndGlobalSection
	GlobalSection(ProjectConfigurationPlatforms) = postSolution
		{F9185E1A-5871-401C-A2A3-141F5B77B6D7}.Debug|Any CPU.ActiveCfg = Debug|Any CPU
		{F9185E1A-5871-401C-A2A3-141F5B77B6D7}.Debug|Any CPU.Build.0 = Debug|Any CPU
		{F9185E1A-5871-401C-A2A3-141F5B77B6D7}.Release|Any CPU.ActiveCfg = Release|Any CPU
		{F9185E1A-5871-401C-A2A3-141F5B77B6D7}.Release|Any CPU.Build.0 = Release|Any CPU
	EndGlobalSection
	GlobalSection(SolutionProperties) = preSolution
		HideSolutionNode = FALSE
	EndGlobalSection
	GlobalSection(ExtensibilityGlobals) = postSolution
		SolutionGuid = {06C28407-02A0-49B9-875F-2220D9371D52}
	EndGlobalSection
EndGlobal
